
Microsoft Visual Studio Solution File, Format Version 12.00
# Visual Studio 15
VisualStudioVersion = 15.0.27428.2027
MinimumVisualStudioVersion = 10.0.40219.1
Project("{FAE04EC0-301F-11D3-BF4B-00C04F79EFBC}") = "TestVuejs", "TestVuejs\TestVuejs.csproj", "{A590E5AE-B3C5-43B4-B462-22B10D216EEB}"
EndProject
Global
	GlobalSection(SolutionConfigurationPlatforms) = preSolution
		Debug|Any CPU = Debug|Any CPU
		Release|Any CPU = Release|Any CPU
	EndGlobalSection
	GlobalSection(ProjectConfigurationPlatforms) = postSolution
		{A590E5AE-B3C5-43B4-B462-22B10D216EEB}.Debug|Any CPU.ActiveCfg = Debug|Any CPU
		{A590E5AE-B3C5-43B4-B462-22B10D216EEB}.Debug|Any CPU.Build.0 = Debug|Any CPU
		{A590E5AE-B3C5-43B4-B462-22B10D216EEB}.Release|Any CPU.ActiveCfg = Release|Any CPU
		{A590E5AE-B3C5-43B4-B462-22B10D216EEB}.Release|Any CPU.Build.0 = Release|Any CPU
	EndGlobalSection
	GlobalSection(SolutionProperties) = preSolution
		HideSolutionNode = FALSE
	EndGlobalSection
	GlobalSection(ExtensibilityGlobals) = postSolution
		SolutionGuid = {D099F29C-5D1D-4841-A836-1A5ED8D83734}
	EndGlobalSection
EndGlobal
